// !$*UTF8*$!
{
	archiveVersion = 1;
	classes = {
	};
	objectVersion = 46;
	objects = {
/* Begin PBXBuildFile section */
		0207DA581B56EA530066E2B4 /* Images.xcassets in Resources */ = {isa = PBXBuildFile; fileRef = 0207DA571B56EA530066E2B4 /* Images.xcassets */; };
		1D3623260D0F684500981E51 /* AppDelegate.m in Sources */ = {isa = PBXBuildFile; fileRef = 1D3623250D0F684500981E51 /* AppDelegate.m */; };
		1D60589B0D05DD56006BFB54 /* main.m in Sources */ = {isa = PBXBuildFile; fileRef = 29B97316FDCFA39411CA2CEA /* main.m */; };
		301BF552109A68D80062928A /* libCordova.a in Frameworks */ = {isa = PBXBuildFile; fileRef = 301BF535109A57CC0062928A /* libCordova.a */; };
		302D95F114D2391D003F00A1 /* MainViewController.m in Sources */ = {isa = PBXBuildFile; fileRef = 302D95EF14D2391D003F00A1 /* MainViewController.m */; };
		302D95F214D2391D003F00A1 /* MainViewController.xib in Resources */ = {isa = PBXBuildFile; fileRef = 302D95F014D2391D003F00A1 /* MainViewController.xib */; };
		3047A5121AB8059700498E2A /* build-debug.xcconfig in Resources */ = {isa = PBXBuildFile; fileRef = 3047A50F1AB8059700498E2A /* build-debug.xcconfig */; };
		3047A5131AB8059700498E2A /* build-release.xcconfig in Resources */ = {isa = PBXBuildFile; fileRef = 3047A5101AB8059700498E2A /* build-release.xcconfig */; };
		3047A5141AB8059700498E2A /* build.xcconfig in Resources */ = {isa = PBXBuildFile; fileRef = 3047A5111AB8059700498E2A /* build.xcconfig */; };
		6AFF5BF91D6E424B00AB3073 /* CDVLaunchScreen.storyboard in Resources */ = {isa = PBXBuildFile; fileRef = 6AFF5BF81D6E424B00AB3073 /* CDVLaunchScreen.storyboard */; };
		F78043125AF94968B941BB7B /* Calendar.m in Sources */ = {isa = PBXBuildFile; fileRef = E86E9B269B60452A88AD4B41 /* Calendar.m */; };
		7AB1129425A84D80AA1FCAAB /* EventKit.framework in Frameworks */ = {isa = PBXBuildFile; fileRef = 4EC2E4FEB6C24C5E9F176F58 /* EventKit.framework */; };
		332B70C09A2642EB9456A585 /* EventKitUI.framework in Frameworks */ = {isa = PBXBuildFile; fileRef = 3DF4C6556384455F9E50B13F /* EventKitUI.framework */; };
		7115C31E573D47C884576F74 /* CDVDevice.m in Sources */ = {isa = PBXBuildFile; fileRef = C6052231FD6B42AA9223B2CC /* CDVDevice.m */; };
		3129B77BD2834C58A82A8B36 /* FacebookConnectPlugin.m in Sources */ = {isa = PBXBuildFile; fileRef = A30FC628B557488CA51F22D1 /* FacebookConnectPlugin.m */; };
		1717A9A5E9DE48CC99EBD224 /* Bolts.framework in Frameworks */ = {isa = PBXBuildFile; fileRef = 15494D8FBDAD46F3B64957A2 /* Bolts.framework */; };
		7F5929511D2347F29ACCBEC8 /* FBSDKCoreKit.framework in Frameworks */ = {isa = PBXBuildFile; fileRef = 5A58F07F0E654040B9B07378 /* FBSDKCoreKit.framework */; };
		0C5EB96E7DBA421E8C5107B4 /* FBSDKLoginKit.framework in Frameworks */ = {isa = PBXBuildFile; fileRef = 998A2AA2D5C547A2BEF7486B /* FBSDKLoginKit.framework */; };
		C4F718065518480DA8248911 /* FBSDKShareKit.framework in Frameworks */ = {isa = PBXBuildFile; fileRef = 21AC636FB1474602B82C25DE /* FBSDKShareKit.framework */; };
		CE6117957AB642378F2185CF /* FCMPlugin.m in Sources */ = {isa = PBXBuildFile; fileRef = F61FF1371D9844CDBF8496A5 /* FCMPlugin.m */; };
		5E308521315A4276844A4C36 /* AppDelegate+FCMPlugin.m in Sources */ = {isa = PBXBuildFile; fileRef = 049EB6CFC441411AA703674F /* AppDelegate+FCMPlugin.m */; };
		4CE7BF4F6B184F7089E42275 /* GoogleService-Info.plist in Resources */ = {isa = PBXBuildFile; fileRef = 23BCB57C2D344F93B403932A /* GoogleService-Info.plist */; };
		51ADE944B2454C75A4E3B068 /* FirebaseAnalytics.framework in Frameworks */ = {isa = PBXBuildFile; fileRef = 0817A188C20C4E11BAE2F635 /* FirebaseAnalytics.framework */; };
		2ADA89B5CDD34B92B70455BC /* FirebaseCore.framework in Frameworks */ = {isa = PBXBuildFile; fileRef = 3723BDC0EB644CBEA301565A /* FirebaseCore.framework */; };
		A67BF69A91AE4BAC95A2D737 /* FirebaseInstanceID.framework in Frameworks */ = {isa = PBXBuildFile; fileRef = 1021D02683144328BACD066B /* FirebaseInstanceID.framework */; };
		2E0E37DEBA9D402F8400C733 /* FirebaseMessaging.framework in Frameworks */ = {isa = PBXBuildFile; fileRef = C7604F059F6A4237A27965F6 /* FirebaseMessaging.framework */; };
		61A56DB9B86D4C259CB27A45 /* GoogleInterchangeUtilities.framework in Frameworks */ = {isa = PBXBuildFile; fileRef = 06296234BA214BAD8BE9C67A /* GoogleInterchangeUtilities.framework */; };
		3BC94412F13E43A59EEFD64A /* GoogleIPhoneUtilities.framework in Frameworks */ = {isa = PBXBuildFile; fileRef = FEF143C6B67546058656FDAE /* GoogleIPhoneUtilities.framework */; };
		A95EB50F592948A1A17BF14D /* GoogleSymbolUtilities.framework in Frameworks */ = {isa = PBXBuildFile; fileRef = E432AF8001B6479D9998B7E5 /* GoogleSymbolUtilities.framework */; };
		C508EC1B5E224D84BE100892 /* GoogleUtilities.framework in Frameworks */ = {isa = PBXBuildFile; fileRef = 6523D1CEE36B4E3D9749678B /* GoogleUtilities.framework */; };
		CE0D80DC2EBC474CBB3615C3 /* libc++.tbd in Frameworks */ = {isa = PBXBuildFile; fileRef = 66BE76EAB6314383A0427C06 /* libc++.tbd */; };
		16C76DB7160747DB9D6456F3 /* libz.tbd in Frameworks */ = {isa = PBXBuildFile; fileRef = D401D4967EE94FD9A6EE295F /* libz.tbd */; };
		89FBAB7597804FB3A981E429 /* AddressBook.framework in Frameworks */ = {isa = PBXBuildFile; fileRef = B99A102584D149C382133192 /* AddressBook.framework */; };
		EB4D1654365A458599363C00 /* libsqlite3.0.tbd in Frameworks */ = {isa = PBXBuildFile; fileRef = 97F9267D92A947D89DA81EF4 /* libsqlite3.0.tbd */; };
		053C72656FFD4C698EF2E790 /* Security.framework in Frameworks */ = {isa = PBXBuildFile; fileRef = 14752F8D39C74FF1826E980B /* Security.framework */; };
/* End PBXBuildFile section */

/* Begin PBXContainerItemProxy section */
		301BF534109A57CC0062928A /* PBXContainerItemProxy */ = {
			isa = PBXContainerItemProxy;
			containerPortal = 301BF52D109A57CC0062928A /* CordovaLib.xcodeproj */;
			proxyType = 2;
			remoteGlobalIDString = D2AAC07E0554694100DB518D;
			remoteInfo = CordovaLib;
		};
		301BF550109A68C00062928A /* PBXContainerItemProxy */ = {
			isa = PBXContainerItemProxy;
			containerPortal = 301BF52D109A57CC0062928A /* CordovaLib.xcodeproj */;
			proxyType = 1;
			remoteGlobalIDString = D2AAC07D0554694100DB518D;
			remoteInfo = CordovaLib;
		};
/* End PBXContainerItemProxy section */

/* Begin PBXFileReference section */
		0207DA571B56EA530066E2B4 /* Images.xcassets */ = {isa = PBXFileReference; lastKnownFileType = folder.assetcatalog; name = Images.xcassets; path = "SignSpin/Images.xcassets"; sourceTree = SOURCE_ROOT; };
		1D3623240D0F684500981E51 /* AppDelegate.h */ = {isa = PBXFileReference; fileEncoding = 4; lastKnownFileType = sourcecode.c.h; path = AppDelegate.h; sourceTree = "<group>"; };
		1D3623250D0F684500981E51 /* AppDelegate.m */ = {isa = PBXFileReference; fileEncoding = 4; lastKnownFileType = sourcecode.c.objc; path = AppDelegate.m; sourceTree = "<group>"; };
		1D6058910D05DD3D006BFB54 /* SignSpin.app */ = {isa = PBXFileReference; explicitFileType = wrapper.application; includeInIndex = 0; path = "SignSpin.app"; sourceTree = BUILT_PRODUCTS_DIR; };
		29B97316FDCFA39411CA2CEA /* main.m */ = {isa = PBXFileReference; fileEncoding = 4; lastKnownFileType = sourcecode.c.objc; path = main.m; sourceTree = "<group>"; };
		301BF52D109A57CC0062928A /* CordovaLib.xcodeproj */ = {isa = PBXFileReference; lastKnownFileType = "wrapper.pb-project"; path = CordovaLib/CordovaLib.xcodeproj; sourceTree = "<group>"; };
		301BF56E109A69640062928A /* www */ = {isa = PBXFileReference; lastKnownFileType = folder; path = www; sourceTree = SOURCE_ROOT; };
		302D95EE14D2391D003F00A1 /* MainViewController.h */ = {isa = PBXFileReference; fileEncoding = 4; lastKnownFileType = sourcecode.c.h; path = MainViewController.h; sourceTree = "<group>"; };
		302D95EF14D2391D003F00A1 /* MainViewController.m */ = {isa = PBXFileReference; fileEncoding = 4; lastKnownFileType = sourcecode.c.objc; path = MainViewController.m; sourceTree = "<group>"; };
		302D95F014D2391D003F00A1 /* MainViewController.xib */ = {isa = PBXFileReference; fileEncoding = 4; lastKnownFileType = file.xib; path = MainViewController.xib; sourceTree = "<group>"; };
		3047A50F1AB8059700498E2A /* build-debug.xcconfig */ = {isa = PBXFileReference; fileEncoding = 4; lastKnownFileType = text.xcconfig; name = "build-debug.xcconfig"; path = cordova/build-debug.xcconfig; sourceTree = SOURCE_ROOT; };
		3047A5101AB8059700498E2A /* build-release.xcconfig */ = {isa = PBXFileReference; fileEncoding = 4; lastKnownFileType = text.xcconfig; name = "build-release.xcconfig"; path = cordova/build-release.xcconfig; sourceTree = SOURCE_ROOT; };
		3047A5111AB8059700498E2A /* build.xcconfig */ = {isa = PBXFileReference; fileEncoding = 4; lastKnownFileType = text.xcconfig; name = build.xcconfig; path = cordova/build.xcconfig; sourceTree = SOURCE_ROOT; };
		32CA4F630368D1EE00C91783 /* SignSpin-Prefix.pch */ = {isa = PBXFileReference; fileEncoding = 4; lastKnownFileType = sourcecode.c.h; path = "SignSpin-Prefix.pch"; sourceTree = "<group>"; };
		6AFF5BF81D6E424B00AB3073 /* CDVLaunchScreen.storyboard */ = {isa = PBXFileReference; fileEncoding = 4; lastKnownFileType = file.storyboard; name = CDVLaunchScreen.storyboard; path = "SignSpin/CDVLaunchScreen.storyboard"; sourceTree = SOURCE_ROOT; };
		8D1107310486CEB800E47090 /* SignSpin-Info.plist */ = {isa = PBXFileReference; fileEncoding = 4; lastKnownFileType = text.plist.xml; name = "SignSpin-Info.plist"; path = "SignSpin/SignSpin-Info.plist"; plistStructureDefinitionIdentifier = "com.apple.xcode.plist.structure-definition.iphone.info-plist"; sourceTree = SOURCE_ROOT; };
		EB87FDF31871DA8E0020F90C /* www */ = {isa = PBXFileReference; lastKnownFileType = folder; name = www; path = ../../www; sourceTree = "<group>"; };
		EB87FDF41871DAF40020F90C /* config.xml */ = {isa = PBXFileReference; lastKnownFileType = text.xml; name = config.xml; path = ../../config.xml; sourceTree = "<group>"; };
		F840E1F0165FE0F500CFE078 /* config.xml */ = {isa = PBXFileReference; lastKnownFileType = text.xml; name = config.xml; path = "SignSpin/config.xml"; sourceTree = "<group>"; };
		ED33DF2A687741AEAF9F8254 /* Bridging-Header.h */ = {isa = PBXFileReference; fileEncoding = 4; lastKnownFileType = sourcecode.c.h; name = "Bridging-Header.h"; path = "Bridging-Header.h"; sourceTree = "<group>"; };
		E86E9B269B60452A88AD4B41 /* Calendar.m */ = {isa = PBXFileReference; name = "Calendar.m"; path = "cordova-plugin-calendar/Calendar.m"; sourceTree = "<group>"; fileEncoding = 4; lastKnownFileType = sourcecode.c.objc; explicitFileType = undefined; includeInIndex = 0; };
		FC5785E207F644ADB3B93DFC /* Calendar.h */ = {isa = PBXFileReference; name = "Calendar.h"; path = "cordova-plugin-calendar/Calendar.h"; sourceTree = "<group>"; fileEncoding = 4; lastKnownFileType = sourcecode.c.h; explicitFileType = undefined; includeInIndex = 0; };
		4EC2E4FEB6C24C5E9F176F58 /* EventKit.framework */ = {isa = PBXFileReference; name = "EventKit.framework"; path = "System/Library/Frameworks/EventKit.framework"; sourceTree = SDKROOT; fileEncoding = undefined; lastKnownFileType = wrapper.framework; explicitFileType = undefined; includeInIndex = 0; };
		3DF4C6556384455F9E50B13F /* EventKitUI.framework */ = {isa = PBXFileReference; name = "EventKitUI.framework"; path = "System/Library/Frameworks/EventKitUI.framework"; sourceTree = SDKROOT; fileEncoding = undefined; lastKnownFileType = wrapper.framework; explicitFileType = undefined; includeInIndex = 0; };
		C6052231FD6B42AA9223B2CC /* CDVDevice.m */ = {isa = PBXFileReference; name = "CDVDevice.m"; path = "cordova-plugin-device/CDVDevice.m"; sourceTree = "<group>"; fileEncoding = 4; lastKnownFileType = sourcecode.c.objc; explicitFileType = undefined; includeInIndex = 0; };
		01B077C66AE4451BA75F8C92 /* CDVDevice.h */ = {isa = PBXFileReference; name = "CDVDevice.h"; path = "cordova-plugin-device/CDVDevice.h"; sourceTree = "<group>"; fileEncoding = 4; lastKnownFileType = sourcecode.c.h; explicitFileType = undefined; includeInIndex = 0; };
		A30FC628B557488CA51F22D1 /* FacebookConnectPlugin.m */ = {isa = PBXFileReference; name = "FacebookConnectPlugin.m"; path = "cordova-plugin-facebook4/FacebookConnectPlugin.m"; sourceTree = "<group>"; fileEncoding = 4; lastKnownFileType = sourcecode.c.objc; explicitFileType = undefined; includeInIndex = 0; };
		555ADF43EB134599AD64657C /* FacebookConnectPlugin.h */ = {isa = PBXFileReference; name = "FacebookConnectPlugin.h"; path = "cordova-plugin-facebook4/FacebookConnectPlugin.h"; sourceTree = "<group>"; fileEncoding = 4; lastKnownFileType = sourcecode.c.h; explicitFileType = undefined; includeInIndex = 0; };
		15494D8FBDAD46F3B64957A2 /* Bolts.framework */ = {isa = PBXFileReference; name = "Bolts.framework"; path = "SignSpin/Plugins/cordova-plugin-facebook4/Bolts.framework"; sourceTree = "<group>"; fileEncoding = undefined; lastKnownFileType = wrapper.framework; explicitFileType = undefined; includeInIndex = 0; };
		5A58F07F0E654040B9B07378 /* FBSDKCoreKit.framework */ = {isa = PBXFileReference; name = "FBSDKCoreKit.framework"; path = "SignSpin/Plugins/cordova-plugin-facebook4/FBSDKCoreKit.framework"; sourceTree = "<group>"; fileEncoding = undefined; lastKnownFileType = wrapper.framework; explicitFileType = undefined; includeInIndex = 0; };
		998A2AA2D5C547A2BEF7486B /* FBSDKLoginKit.framework */ = {isa = PBXFileReference; name = "FBSDKLoginKit.framework"; path = "SignSpin/Plugins/cordova-plugin-facebook4/FBSDKLoginKit.framework"; sourceTree = "<group>"; fileEncoding = undefined; lastKnownFileType = wrapper.framework; explicitFileType = undefined; includeInIndex = 0; };
		21AC636FB1474602B82C25DE /* FBSDKShareKit.framework */ = {isa = PBXFileReference; name = "FBSDKShareKit.framework"; path = "SignSpin/Plugins/cordova-plugin-facebook4/FBSDKShareKit.framework"; sourceTree = "<group>"; fileEncoding = undefined; lastKnownFileType = wrapper.framework; explicitFileType = undefined; includeInIndex = 0; };
		F61FF1371D9844CDBF8496A5 /* FCMPlugin.m */ = {isa = PBXFileReference; name = "FCMPlugin.m"; path = "cordova-plugin-fcm/FCMPlugin.m"; sourceTree = "<group>"; fileEncoding = 4; lastKnownFileType = sourcecode.c.objc; explicitFileType = undefined; includeInIndex = 0; };
		049EB6CFC441411AA703674F /* AppDelegate+FCMPlugin.m */ = {isa = PBXFileReference; name = "AppDelegate+FCMPlugin.m"; path = "cordova-plugin-fcm/AppDelegate+FCMPlugin.m"; sourceTree = "<group>"; fileEncoding = 4; lastKnownFileType = sourcecode.c.objc; explicitFileType = undefined; includeInIndex = 0; };
		70724C50D309464EBF658657 /* FCMPlugin.h */ = {isa = PBXFileReference; name = "FCMPlugin.h"; path = "cordova-plugin-fcm/FCMPlugin.h"; sourceTree = "<group>"; fileEncoding = 4; lastKnownFileType = sourcecode.c.h; explicitFileType = undefined; includeInIndex = 0; };
		848665D8251045C8A6BA36AB /* AppDelegate+FCMPlugin.h */ = {isa = PBXFileReference; name = "AppDelegate+FCMPlugin.h"; path = "cordova-plugin-fcm/AppDelegate+FCMPlugin.h"; sourceTree = "<group>"; fileEncoding = 4; lastKnownFileType = sourcecode.c.h; explicitFileType = undefined; includeInIndex = 0; };
		E3CE7783A45E4B25A48B017E /* Firebase.h */ = {isa = PBXFileReference; name = "Firebase.h"; path = "cordova-plugin-fcm/Firebase.h"; sourceTree = "<group>"; fileEncoding = 4; lastKnownFileType = sourcecode.c.h; explicitFileType = undefined; includeInIndex = 0; };
		23BCB57C2D344F93B403932A /* GoogleService-Info.plist */ = {isa = PBXFileReference; name = "GoogleService-Info.plist"; path = "Resources/GoogleService-Info.plist"; sourceTree = "<group>"; fileEncoding = 4; lastKnownFileType = text.plist.xml; explicitFileType = undefined; includeInIndex = 0; };
		0817A188C20C4E11BAE2F635 /* FirebaseAnalytics.framework */ = {isa = PBXFileReference; name = "FirebaseAnalytics.framework"; path = "SignSpin/Plugins/cordova-plugin-fcm/FirebaseAnalytics.framework"; sourceTree = "<group>"; fileEncoding = undefined; lastKnownFileType = wrapper.framework; explicitFileType = undefined; includeInIndex = 0; };
		3723BDC0EB644CBEA301565A /* FirebaseCore.framework */ = {isa = PBXFileReference; name = "FirebaseCore.framework"; path = "SignSpin/Plugins/cordova-plugin-fcm/FirebaseCore.framework"; sourceTree = "<group>"; fileEncoding = undefined; lastKnownFileType = wrapper.framework; explicitFileType = undefined; includeInIndex = 0; };
		1021D02683144328BACD066B /* FirebaseInstanceID.framework */ = {isa = PBXFileReference; name = "FirebaseInstanceID.framework"; path = "SignSpin/Plugins/cordova-plugin-fcm/FirebaseInstanceID.framework"; sourceTree = "<group>"; fileEncoding = undefined; lastKnownFileType = wrapper.framework; explicitFileType = undefined; includeInIndex = 0; };
		C7604F059F6A4237A27965F6 /* FirebaseMessaging.framework */ = {isa = PBXFileReference; name = "FirebaseMessaging.framework"; path = "SignSpin/Plugins/cordova-plugin-fcm/FirebaseMessaging.framework"; sourceTree = "<group>"; fileEncoding = undefined; lastKnownFileType = wrapper.framework; explicitFileType = undefined; includeInIndex = 0; };
		06296234BA214BAD8BE9C67A /* GoogleInterchangeUtilities.framework */ = {isa = PBXFileReference; name = "GoogleInterchangeUtilities.framework"; path = "SignSpin/Plugins/cordova-plugin-fcm/GoogleInterchangeUtilities.framework"; sourceTree = "<group>"; fileEncoding = undefined; lastKnownFileType = wrapper.framework; explicitFileType = undefined; includeInIndex = 0; };
		FEF143C6B67546058656FDAE /* GoogleIPhoneUtilities.framework */ = {isa = PBXFileReference; name = "GoogleIPhoneUtilities.framework"; path = "SignSpin/Plugins/cordova-plugin-fcm/GoogleIPhoneUtilities.framework"; sourceTree = "<group>"; fileEncoding = undefined; lastKnownFileType = wrapper.framework; explicitFileType = undefined; includeInIndex = 0; };
		E432AF8001B6479D9998B7E5 /* GoogleSymbolUtilities.framework */ = {isa = PBXFileReference; name = "GoogleSymbolUtilities.framework"; path = "SignSpin/Plugins/cordova-plugin-fcm/GoogleSymbolUtilities.framework"; sourceTree = "<group>"; fileEncoding = undefined; lastKnownFileType = wrapper.framework; explicitFileType = undefined; includeInIndex = 0; };
		6523D1CEE36B4E3D9749678B /* GoogleUtilities.framework */ = {isa = PBXFileReference; name = "GoogleUtilities.framework"; path = "SignSpin/Plugins/cordova-plugin-fcm/GoogleUtilities.framework"; sourceTree = "<group>"; fileEncoding = undefined; lastKnownFileType = wrapper.framework; explicitFileType = undefined; includeInIndex = 0; };
		66BE76EAB6314383A0427C06 /* libc++.tbd */ = {isa = PBXFileReference; name = "libc++.tbd"; path = "usr/lib/libc++.tbd"; sourceTree = SDKROOT; fileEncoding = undefined; lastKnownFileType = sourcecode.text-based-dylib-definition; explicitFileType = undefined; includeInIndex = 0; };
		D401D4967EE94FD9A6EE295F /* libz.tbd */ = {isa = PBXFileReference; name = "libz.tbd"; path = "usr/lib/libz.tbd"; sourceTree = SDKROOT; fileEncoding = undefined; lastKnownFileType = sourcecode.text-based-dylib-definition; explicitFileType = undefined; includeInIndex = 0; };
		B99A102584D149C382133192 /* AddressBook.framework */ = {isa = PBXFileReference; name = "AddressBook.framework"; path = "System/Library/Frameworks/AddressBook.framework"; sourceTree = SDKROOT; fileEncoding = undefined; lastKnownFileType = wrapper.framework; explicitFileType = undefined; includeInIndex = 0; };
		97F9267D92A947D89DA81EF4 /* libsqlite3.0.tbd */ = {isa = PBXFileReference; name = "libsqlite3.0.tbd"; path = "usr/lib/libsqlite3.0.tbd"; sourceTree = SDKROOT; fileEncoding = undefined; lastKnownFileType = sourcecode.text-based-dylib-definition; explicitFileType = undefined; includeInIndex = 0; };
		14752F8D39C74FF1826E980B /* Security.framework */ = {isa = PBXFileReference; name = "Security.framework"; path = "System/Library/Frameworks/Security.framework"; sourceTree = SDKROOT; fileEncoding = undefined; lastKnownFileType = wrapper.framework; explicitFileType = undefined; includeInIndex = 0; };
/* End PBXFileReference section */

/* Begin PBXFrameworksBuildPhase section */
		1D60588F0D05DD3D006BFB54 /* Frameworks */ = {
			isa = PBXFrameworksBuildPhase;
			buildActionMask = 2147483647;
			files = (
				301BF552109A68D80062928A /* libCordova.a in Frameworks */,
				7AB1129425A84D80AA1FCAAB /* EventKit.framework in Frameworks */,
				332B70C09A2642EB9456A585 /* EventKitUI.framework in Frameworks */,
				1717A9A5E9DE48CC99EBD224 /* Bolts.framework in Frameworks */,
				7F5929511D2347F29ACCBEC8 /* FBSDKCoreKit.framework in Frameworks */,
				0C5EB96E7DBA421E8C5107B4 /* FBSDKLoginKit.framework in Frameworks */,
				C4F718065518480DA8248911 /* FBSDKShareKit.framework in Frameworks */,
				51ADE944B2454C75A4E3B068 /* FirebaseAnalytics.framework in Frameworks */,
				2ADA89B5CDD34B92B70455BC /* FirebaseCore.framework in Frameworks */,
				A67BF69A91AE4BAC95A2D737 /* FirebaseInstanceID.framework in Frameworks */,
				2E0E37DEBA9D402F8400C733 /* FirebaseMessaging.framework in Frameworks */,
				61A56DB9B86D4C259CB27A45 /* GoogleInterchangeUtilities.framework in Frameworks */,
				3BC94412F13E43A59EEFD64A /* GoogleIPhoneUtilities.framework in Frameworks */,
				A95EB50F592948A1A17BF14D /* GoogleSymbolUtilities.framework in Frameworks */,
				C508EC1B5E224D84BE100892 /* GoogleUtilities.framework in Frameworks */,
				CE0D80DC2EBC474CBB3615C3 /* libc++.tbd in Frameworks */,
				16C76DB7160747DB9D6456F3 /* libz.tbd in Frameworks */,
				89FBAB7597804FB3A981E429 /* AddressBook.framework in Frameworks */,
				EB4D1654365A458599363C00 /* libsqlite3.0.tbd in Frameworks */,
				053C72656FFD4C698EF2E790 /* Security.framework in Frameworks */,
			);
			runOnlyForDeploymentPostprocessing = 0;
		};
/* End PBXFrameworksBuildPhase section */

/* Begin PBXGroup section */
		080E96DDFE201D6D7F000001 /* Classes */ = {
			isa = PBXGroup;
			children = (
				302D95EE14D2391D003F00A1 /* MainViewController.h */,
				302D95EF14D2391D003F00A1 /* MainViewController.m */,
				302D95F014D2391D003F00A1 /* MainViewController.xib */,
				1D3623240D0F684500981E51 /* AppDelegate.h */,
				1D3623250D0F684500981E51 /* AppDelegate.m */,
			);
			name = Classes;
			path = "SignSpin/Classes";
			sourceTree = SOURCE_ROOT;
		};
		19C28FACFE9D520D11CA2CBB /* Products */ = {
			isa = PBXGroup;
			children = (
				1D6058910D05DD3D006BFB54 /* SignSpin.app */,
			);
			name = Products;
			sourceTree = "<group>";
		};
		29B97314FDCFA39411CA2CEA /* CustomTemplate */ = {
			isa = PBXGroup;
			children = (
				EB87FDF41871DAF40020F90C /* config.xml */,
				EB87FDF31871DA8E0020F90C /* www */,
				EB87FDF11871DA420020F90C /* Staging */,
				301BF52D109A57CC0062928A /* CordovaLib.xcodeproj */,
				080E96DDFE201D6D7F000001 /* Classes */,
				307C750510C5A3420062BCA9 /* Plugins */,
				29B97315FDCFA39411CA2CEA /* Other Sources */,
				29B97317FDCFA39411CA2CEA /* Resources */,
				29B97323FDCFA39411CA2CEA /* Frameworks */,
				19C28FACFE9D520D11CA2CBB /* Products */,
			);
			name = CustomTemplate;
			sourceTree = "<group>";
		};
		29B97315FDCFA39411CA2CEA /* Other Sources */ = {
			isa = PBXGroup;
			children = (
				32CA4F630368D1EE00C91783 /* SignSpin-Prefix.pch */,
				29B97316FDCFA39411CA2CEA /* main.m */,
				ED33DF2A687741AEAF9F8254 /* Bridging-Header.h */,
			);
			name = "Other Sources";
			path = "SignSpin";
			sourceTree = "<group>";
		};
		29B97317FDCFA39411CA2CEA /* Resources */ = {
			isa = PBXGroup;
			children = (
				0207DA571B56EA530066E2B4 /* Images.xcassets */,
				3047A50E1AB8057F00498E2A /* config */,
				8D1107310486CEB800E47090 /* SignSpin-Info.plist */,
				6AFF5BF81D6E424B00AB3073 /* CDVLaunchScreen.storyboard */,
				23BCB57C2D344F93B403932A /* GoogleService-Info.plist */,
			);
			name = Resources;
			path = "SignSpin/Resources";
			sourceTree = "<group>";
		};
		29B97323FDCFA39411CA2CEA /* Frameworks */ = {
			isa = PBXGroup;
			children = (
				4EC2E4FEB6C24C5E9F176F58 /* EventKit.framework */,
				3DF4C6556384455F9E50B13F /* EventKitUI.framework */,
				15494D8FBDAD46F3B64957A2 /* Bolts.framework */,
				5A58F07F0E654040B9B07378 /* FBSDKCoreKit.framework */,
				998A2AA2D5C547A2BEF7486B /* FBSDKLoginKit.framework */,
				21AC636FB1474602B82C25DE /* FBSDKShareKit.framework */,
				0817A188C20C4E11BAE2F635 /* FirebaseAnalytics.framework */,
				3723BDC0EB644CBEA301565A /* FirebaseCore.framework */,
				1021D02683144328BACD066B /* FirebaseInstanceID.framework */,
				C7604F059F6A4237A27965F6 /* FirebaseMessaging.framework */,
				06296234BA214BAD8BE9C67A /* GoogleInterchangeUtilities.framework */,
				FEF143C6B67546058656FDAE /* GoogleIPhoneUtilities.framework */,
				E432AF8001B6479D9998B7E5 /* GoogleSymbolUtilities.framework */,
				6523D1CEE36B4E3D9749678B /* GoogleUtilities.framework */,
				66BE76EAB6314383A0427C06 /* libc++.tbd */,
				D401D4967EE94FD9A6EE295F /* libz.tbd */,
				B99A102584D149C382133192 /* AddressBook.framework */,
				97F9267D92A947D89DA81EF4 /* libsqlite3.0.tbd */,
				14752F8D39C74FF1826E980B /* Security.framework */,
			);
			name = Frameworks;
			sourceTree = "<group>";
		};
		301BF52E109A57CC0062928A /* Products */ = {
			isa = PBXGroup;
			children = (
				301BF535109A57CC0062928A /* libCordova.a */,
			);
			name = Products;
			sourceTree = "<group>";
		};
		3047A50E1AB8057F00498E2A /* config */ = {
			isa = PBXGroup;
			children = (
				3047A50F1AB8059700498E2A /* build-debug.xcconfig */,
				3047A5101AB8059700498E2A /* build-release.xcconfig */,
				3047A5111AB8059700498E2A /* build.xcconfig */,
			);
			name = config;
			sourceTree = "<group>";
		};
		307C750510C5A3420062BCA9 /* Plugins */ = {
			isa = PBXGroup;
			children = (
				E86E9B269B60452A88AD4B41 /* Calendar.m */,
				FC5785E207F644ADB3B93DFC /* Calendar.h */,
				C6052231FD6B42AA9223B2CC /* CDVDevice.m */,
				01B077C66AE4451BA75F8C92 /* CDVDevice.h */,
				A30FC628B557488CA51F22D1 /* FacebookConnectPlugin.m */,
				555ADF43EB134599AD64657C /* FacebookConnectPlugin.h */,
				F61FF1371D9844CDBF8496A5 /* FCMPlugin.m */,
				049EB6CFC441411AA703674F /* AppDelegate+FCMPlugin.m */,
				70724C50D309464EBF658657 /* FCMPlugin.h */,
				848665D8251045C8A6BA36AB /* AppDelegate+FCMPlugin.h */,
				E3CE7783A45E4B25A48B017E /* Firebase.h */,
			);
			name = Plugins;
			path = "SignSpin/Plugins";
			sourceTree = SOURCE_ROOT;
		};
		EB87FDF11871DA420020F90C /* Staging */ = {
			isa = PBXGroup;
			children = (
				F840E1F0165FE0F500CFE078 /* config.xml */,
				301BF56E109A69640062928A /* www */,
			);
			name = Staging;
			sourceTree = "<group>";
		};
/* End PBXGroup section */

/* Begin PBXNativeTarget section */
		1D6058900D05DD3D006BFB54 /* SignSpin */ = {
			isa = PBXNativeTarget;
			buildConfigurationList = 1D6058960D05DD3E006BFB54 /* Build configuration list for PBXNativeTarget "SignSpin" */;
			buildPhases = (
				304B58A110DAC018002A0835 /* Copy www directory */,
				1D60588D0D05DD3D006BFB54 /* Resources */,
				1D60588E0D05DD3D006BFB54 /* Sources */,
				1D60588F0D05DD3D006BFB54 /* Frameworks */,
			);
			buildRules = (
			);
			dependencies = (
				301BF551109A68C00062928A /* PBXTargetDependency */,
			);
			name = "SignSpin";
			productName = "SignSpin";
			productReference = 1D6058910D05DD3D006BFB54 /* SignSpin.app */;
			productType = "com.apple.product-type.application";
		};
/* End PBXNativeTarget section */

/* Begin PBXProject section */
		29B97313FDCFA39411CA2CEA /* Project object */ = {
			isa = PBXProject;
			attributes = {
				LastUpgradeCheck = 510;
			};
			buildConfigurationList = C01FCF4E08A954540054247B /* Build configuration list for PBXProject "__NON-CLI__" */;
			compatibilityVersion = "Xcode 3.2";
			developmentRegion = English;
			hasScannedForEncodings = 1;
			mainGroup = 29B97314FDCFA39411CA2CEA /* CustomTemplate */;
			projectDirPath = "";
			projectReferences = (
				{
					ProductGroup = 301BF52E109A57CC0062928A /* Products */;
					ProjectRef = 301BF52D109A57CC0062928A /* CordovaLib.xcodeproj */;
				},
			);
			projectRoot = "";
			targets = (
				1D6058900D05DD3D006BFB54 /* SignSpin */,
			);
		};
/* End PBXProject section */

/* Begin PBXReferenceProxy section */
		301BF535109A57CC0062928A /* libCordova.a */ = {
			isa = PBXReferenceProxy;
			fileType = archive.ar;
			path = libCordova.a;
			remoteRef = 301BF534109A57CC0062928A /* PBXContainerItemProxy */;
			sourceTree = BUILT_PRODUCTS_DIR;
		};
/* End PBXReferenceProxy section */

/* Begin PBXResourcesBuildPhase section */
		1D60588D0D05DD3D006BFB54 /* Resources */ = {
			isa = PBXResourcesBuildPhase;
			buildActionMask = 2147483647;
			files = (
				302D95F214D2391D003F00A1 /* MainViewController.xib in Resources */,
				0207DA581B56EA530066E2B4 /* Images.xcassets in Resources */,
				6AFF5BF91D6E424B00AB3073 /* CDVLaunchScreen.storyboard in Resources */,
				4CE7BF4F6B184F7089E42275 /* GoogleService-Info.plist in Resources */,
			);
			runOnlyForDeploymentPostprocessing = 0;
		};
/* End PBXResourcesBuildPhase section */

/* Begin PBXShellScriptBuildPhase section */
		304B58A110DAC018002A0835 /* Copy www directory */ = {
			isa = PBXShellScriptBuildPhase;
			buildActionMask = 2147483647;
			files = (
			);
			inputPaths = (
			);
			name = "Copy www directory";
			outputPaths = (
			);
			runOnlyForDeploymentPostprocessing = 0;
			shellPath = /bin/sh;
			shellScript = "NODEJS_PATH=/usr/local/bin; NVM_NODE_PATH=~/.nvm/versions/node/`nvm version 2>/dev/null`/bin; N_NODE_PATH=`find /usr/local/n/versions/node/* -maxdepth 0 -type d 2>/dev/null | tail -1`/bin; XCODE_NODE_PATH=`xcode-select --print-path`/usr/share/xcs/Node/bin; PATH=$NODEJS_PATH:$NVM_NODE_PATH:$N_NODE_PATH:$XCODE_NODE_PATH:$PATH && node cordova/lib/copy-www-build-step.js";
			showEnvVarsInLog = 0;
		};
/* End PBXShellScriptBuildPhase section */

/* Begin PBXSourcesBuildPhase section */
		1D60588E0D05DD3D006BFB54 /* Sources */ = {
			isa = PBXSourcesBuildPhase;
			buildActionMask = 2147483647;
			files = (
				1D60589B0D05DD56006BFB54 /* main.m in Sources */,
				1D3623260D0F684500981E51 /* AppDelegate.m in Sources */,
				302D95F114D2391D003F00A1 /* MainViewController.m in Sources */,
				F78043125AF94968B941BB7B /* Calendar.m in Sources */,
				7115C31E573D47C884576F74 /* CDVDevice.m in Sources */,
				3129B77BD2834C58A82A8B36 /* FacebookConnectPlugin.m in Sources */,
				CE6117957AB642378F2185CF /* FCMPlugin.m in Sources */,
				5E308521315A4276844A4C36 /* AppDelegate+FCMPlugin.m in Sources */,
			);
			runOnlyForDeploymentPostprocessing = 0;
		};
/* End PBXSourcesBuildPhase section */

/* Begin PBXTargetDependency section */
		301BF551109A68C00062928A /* PBXTargetDependency */ = {
			isa = PBXTargetDependency;
			name = CordovaLib;
			targetProxy = 301BF550109A68C00062928A /* PBXContainerItemProxy */;
		};
/* End PBXTargetDependency section */

/* Begin XCBuildConfiguration section */
		1D6058940D05DD3E006BFB54 /* Debug */ = {
			isa = XCBuildConfiguration;
			baseConfigurationReference = 3047A50F1AB8059700498E2A /* build-debug.xcconfig */;
			buildSettings = {
				ALWAYS_SEARCH_USER_PATHS = NO;
				ASSETCATALOG_COMPILER_APPICON_NAME = AppIcon;
				ASSETCATALOG_COMPILER_LAUNCHIMAGE_NAME = LaunchImage;
				CLANG_ENABLE_MODULES = YES;
				CLANG_ENABLE_OBJC_ARC = YES;
				COPY_PHASE_STRIP = NO;
				GCC_DYNAMIC_NO_PIC = NO;
				GCC_OPTIMIZATION_LEVEL = 0;
				GCC_PRECOMPILE_PREFIX_HEADER = YES;
				GCC_PREFIX_HEADER = "SignSpin/SignSpin-Prefix.pch";
				GCC_THUMB_SUPPORT = NO;
				GCC_VERSION = "";
				INFOPLIST_FILE = "SignSpin/SignSpin-Info.plist";
				IPHONEOS_DEPLOYMENT_TARGET = 9.0;
				LD_RUNPATH_SEARCH_PATHS = "@executable_path/Frameworks";
				TARGETED_DEVICE_FAMILY = "1,2";
				PRODUCT_NAME = "SignSpin";
				FRAMEWORK_SEARCH_PATHS = (
					"$(inherited)",
					"\"SignSpin/Plugins/cordova-plugin-facebook4\"",
					"\"SignSpin/Plugins/cordova-plugin-facebook4\"",
					"\"SignSpin/Plugins/cordova-plugin-facebook4\"",
					"\"SignSpin/Plugins/cordova-plugin-facebook4\"",
					"\"SignSpin/Plugins/cordova-plugin-fcm\"",
					"\"SignSpin/Plugins/cordova-plugin-fcm\"",
					"\"SignSpin/Plugins/cordova-plugin-fcm\"",
					"\"SignSpin/Plugins/cordova-plugin-fcm\"",
					"\"SignSpin/Plugins/cordova-plugin-fcm\"",
					"\"SignSpin/Plugins/cordova-plugin-fcm\"",
					"\"SignSpin/Plugins/cordova-plugin-fcm\"",
					"\"SignSpin/Plugins/cordova-plugin-fcm\"",
				);
			};
			name = Debug;
		};
		1D6058950D05DD3E006BFB54 /* Release */ = {
			isa = XCBuildConfiguration;
			baseConfigurationReference = 3047A5101AB8059700498E2A /* build-release.xcconfig */;
			buildSettings = {
				ALWAYS_SEARCH_USER_PATHS = NO;
				ASSETCATALOG_COMPILER_APPICON_NAME = AppIcon;
				ASSETCATALOG_COMPILER_LAUNCHIMAGE_NAME = LaunchImage;
				CLANG_ENABLE_MODULES = YES;
				CLANG_ENABLE_OBJC_ARC = YES;
				COPY_PHASE_STRIP = YES;
				GCC_PRECOMPILE_PREFIX_HEADER = YES;
				GCC_PREFIX_HEADER = "SignSpin/SignSpin-Prefix.pch";
				GCC_THUMB_SUPPORT = NO;
				GCC_VERSION = "";
				INFOPLIST_FILE = "SignSpin/SignSpin-Info.plist";
				IPHONEOS_DEPLOYMENT_TARGET = 9.0;
				LD_RUNPATH_SEARCH_PATHS = "@executable_path/Frameworks";
				TARGETED_DEVICE_FAMILY = "1,2";
				PRODUCT_NAME = "SignSpin";
				FRAMEWORK_SEARCH_PATHS = (
					"$(inherited)",
					"\"SignSpin/Plugins/cordova-plugin-facebook4\"",
					"\"SignSpin/Plugins/cordova-plugin-facebook4\"",
					"\"SignSpin/Plugins/cordova-plugin-facebook4\"",
					"\"SignSpin/Plugins/cordova-plugin-facebook4\"",
					"\"SignSpin/Plugins/cordova-plugin-fcm\"",
					"\"SignSpin/Plugins/cordova-plugin-fcm\"",
					"\"SignSpin/Plugins/cordova-plugin-fcm\"",
					"\"SignSpin/Plugins/cordova-plugin-fcm\"",
					"\"SignSpin/Plugins/cordova-plugin-fcm\"",
					"\"SignSpin/Plugins/cordova-plugin-fcm\"",
					"\"SignSpin/Plugins/cordova-plugin-fcm\"",
					"\"SignSpin/Plugins/cordova-plugin-fcm\"",
				);
			};
			name = Release;
		};
		C01FCF4F08A954540054247B /* Debug */ = {
			isa = XCBuildConfiguration;
			baseConfigurationReference = 3047A5111AB8059700498E2A /* build.xcconfig */;
			buildSettings = {
				CLANG_ENABLE_MODULES = YES;
				CLANG_ENABLE_OBJC_ARC = YES;
				CLANG_WARN_BOOL_CONVERSION = YES;
				CLANG_WARN_CONSTANT_CONVERSION = YES;
				CLANG_WARN_EMPTY_BODY = YES;
				CLANG_WARN_ENUM_CONVERSION = YES;
				CLANG_WARN_INT_CONVERSION = YES;
				CLANG_WARN__DUPLICATE_METHOD_MATCH = YES;
				GCC_C_LANGUAGE_STANDARD = c99;
				GCC_THUMB_SUPPORT = NO;
				GCC_VERSION = "";
				GCC_WARN_ABOUT_RETURN_TYPE = YES;
				GCC_WARN_UNDECLARED_SELECTOR = YES;
				GCC_WARN_UNINITIALIZED_AUTOS = YES;
				GCC_WARN_UNUSED_FUNCTION = YES;
				GCC_WARN_UNUSED_VARIABLE = YES;
				ONLY_ACTIVE_ARCH = YES;
				SDKROOT = iphoneos;
				SKIP_INSTALL = NO;
			};
			name = Debug;
		};
		C01FCF5008A954540054247B /* Release */ = {
			isa = XCBuildConfiguration;
			baseConfigurationReference = 3047A5111AB8059700498E2A /* build.xcconfig */;
			buildSettings = {
				CLANG_ENABLE_MODULES = YES;
				CLANG_ENABLE_OBJC_ARC = YES;
				CLANG_WARN_BOOL_CONVERSION = YES;
				CLANG_WARN_CONSTANT_CONVERSION = YES;
				CLANG_WARN_EMPTY_BODY = YES;
				CLANG_WARN_ENUM_CONVERSION = YES;
				CLANG_WARN_INT_CONVERSION = YES;
				CLANG_WARN__DUPLICATE_METHOD_MATCH = YES;
				GCC_C_LANGUAGE_STANDARD = c99;
				GCC_THUMB_SUPPORT = NO;
				GCC_VERSION = "";
				GCC_WARN_ABOUT_RETURN_TYPE = YES;
				GCC_WARN_UNDECLARED_SELECTOR = YES;
				GCC_WARN_UNINITIALIZED_AUTOS = YES;
				GCC_WARN_UNUSED_FUNCTION = YES;
				GCC_WARN_UNUSED_VARIABLE = YES;
				SDKROOT = iphoneos;
				SKIP_INSTALL = NO;
			};
			name = Release;
		};
/* End XCBuildConfiguration section */

/* Begin XCConfigurationList section */
		1D6058960D05DD3E006BFB54 /* Build configuration list for PBXNativeTarget "SignSpin" */ = {
			isa = XCConfigurationList;
			buildConfigurations = (
				1D6058940D05DD3E006BFB54 /* Debug */,
				1D6058950D05DD3E006BFB54 /* Release */,
			);
			defaultConfigurationIsVisible = 0;
			defaultConfigurationName = Release;
		};
		C01FCF4E08A954540054247B /* Build configuration list for PBXProject "__NON-CLI__" */ = {
			isa = XCConfigurationList;
			buildConfigurations = (
				C01FCF4F08A954540054247B /* Debug */,
				C01FCF5008A954540054247B /* Release */,
			);
			defaultConfigurationIsVisible = 0;
			defaultConfigurationName = Release;
		};
/* End XCConfigurationList section */
	};
	rootObject = 29B97313FDCFA39411CA2CEA /* Project object */;
}
